# rvpm.lock — generated by rvpm. Commit this alongside config.toml for reproducibility.
# Do not edit by hand; run `rvpm sync` or `rvpm update` to refresh.

version = 1

[[plugins]]
name = "SchemaStore.nvim"
url = "b0o/SchemaStore.nvim"
commit = "c8170f9628265f5a01510182703bab9125ef15d8"

[[plugins]]
name = "aerial.nvim"
url = "stevearc/aerial.nvim"
commit = "28fe6e822ae344544c379d60fcb13c9519a1f08a"

[[plugins]]
name = "agentic.nvim"
url = "carlos-algms/agentic.nvim"
commit = "9945381350664ab3057d480e5cee02a328ef21d5"

[[plugins]]
name = "catppuccin"
url = "catppuccin/nvim"
commit = "edefef779ab08ce1a4a404713e3012b0d202bd35"

[[plugins]]
name = "cmdline.vim"
url = "Shougo/cmdline.vim"
commit = "b421e4bbc800fd6ce3e8801ee9a050d3531c059d"

[[plugins]]
name = "ddc-filter-converter_kind_labels"
url = "Shougo/ddc-filter-converter_kind_labels"
commit = "92986492152f4fcdd8684d719f5eac2d95d77e59"

[[plugins]]
name = "ddc-filter-converter_remove_overlap"
url = "Shougo/ddc-filter-converter_remove_overlap"
commit = "685ab33137e50d2c3e7a0f0beb89fd1b2ae81168"

[[plugins]]
name = "ddc-filter-converter_truncate_abbr"
url = "Shougo/ddc-filter-converter_truncate_abbr"
commit = "0dd6b50a675d2fb9beb18ba4cd35dbd23b3f58dd"

[[plugins]]
name = "ddc-filter-matcher_head"
url = "Shougo/ddc-filter-matcher_head"
commit = "7a52b2facb97a352fcd900baca1b4efa7b652176"

[[plugins]]
name = "ddc-filter-matcher_length"
url = "Shougo/ddc-filter-matcher_length"
commit = "003f7b05becf4e34f704800cdf20a167ac0326b2"

[[plugins]]
name = "ddc-filter-matcher_prefix"
url = "Shougo/ddc-filter-matcher_prefix"
commit = "ade87a25a56a7299b427f875a39383fe989ae3b3"

[[plugins]]
name = "ddc-filter-matcher_suffix"
url = "Shougo/ddc-filter-matcher_suffix"
commit = "93e9ad6e4bf0b592967c51c2a9d7bffb26647d6f"

[[plugins]]
name = "ddc-filter-sorter_head"
url = "Shougo/ddc-filter-sorter_head"
commit = "692cb5e6af0617e1d545697fcff5fb43e4f2b6c5"

[[plugins]]
name = "ddc-filter-sorter_lsp_kind"
url = "Shougo/ddc-filter-sorter_lsp_kind"
commit = "0e5785218a147dc4f1e42b1f8b1f88e5f20b908d"

[[plugins]]
name = "ddc-filter-sorter_rank"
url = "Shougo/ddc-filter-sorter_rank"
commit = "0d58fe698528dfeaf895eb70791c1b5e8a1d2288"

[[plugins]]
name = "ddc-source-around"
url = "Shougo/ddc-source-around"
commit = "277b926fdb3b642572cc756d52a42f18ac7c6059"

[[plugins]]
name = "ddc-source-buffer"
url = "matsui54/ddc-source-buffer"
commit = "bc2416de3629693f88e66870ca11090571f265ec"

[[plugins]]
name = "ddc-source-cmdline"
url = "Shougo/ddc-source-cmdline"
commit = "139f85f05d2c6d83575138f8acaba4b03ce2c611"

[[plugins]]
name = "ddc-source-cmdline_history"
url = "Shougo/ddc-source-cmdline_history"
commit = "ffbae40f46c08a482b7a5dd60fafe04bcbb13320"

[[plugins]]
name = "ddc-source-file"
url = "LumaKernel/ddc-source-file"
commit = "8548b553c7dbf49728788c29142108c437e0ec76"

[[plugins]]
name = "ddc-source-input"
url = "Shougo/ddc-source-input"
commit = "4f0def28b394c7a7e421a9f5c07e6b93b010cfaa"

[[plugins]]
name = "ddc-source-line"
url = "Shougo/ddc-source-line"
commit = "436750c3394eb93c9316fa7dba9f1b551f9bac93"

[[plugins]]
name = "ddc-source-lsp"
url = "Shougo/ddc-source-lsp"
commit = "f25867c80c4ebab19ce4d9d32d85aabd646c8d56"

[[plugins]]
name = "ddc-source-mocword"
url = "Shougo/ddc-source-mocword"
commit = "86ded81d5569c2849742e60bc51cf11d5962ce07"

[[plugins]]
name = "ddc-source-register"
url = "Milly/ddc-source-register"
commit = "0aa0529122f118d76940e67e0c55f4a34c4fd157"

[[plugins]]
name = "ddc-source-rg"
url = "Shougo/ddc-source-rg"
commit = "de4f4db7fcb981683ef51c1e5816ba7411f4ec65"

[[plugins]]
name = "ddc-source-shell_history"
url = "Shougo/ddc-source-shell_history"
commit = "743eb768dea698568183263b917653e325f6f8ec"

[[plugins]]
name = "ddc-source-shell_native"
url = "Shougo/ddc-source-shell_native"
commit = "86686bd68cc7d26866ee5cf8cdfc1808f20c42a8"

[[plugins]]
name = "ddc-source-vim"
url = "Shougo/ddc-source-vim"
commit = "de4c846f42d00d8047a171ea7736a26b860cb33d"

[[plugins]]
name = "ddc-ui-inline"
url = "Shougo/ddc-ui-inline"
commit = "4465bc5a201122efd2ac239b81039d54ad94518f"

[[plugins]]
name = "ddc-ui-none"
url = "Shougo/ddc-ui-none"
commit = "cc41d3c4a4828fd0a36128cce2363b8a924f39db"

[[plugins]]
name = "ddc-ui-pum"
url = "Shougo/ddc-ui-pum"
commit = "0679df221520576d07add3cf4219d478db110801"

[[plugins]]
name = "ddc.vim"
url = "Shougo/ddc.vim"
commit = "4499af05e93d90697793a3b3850e4f470999fe04"

[[plugins]]
name = "ddt-ui-shell"
url = "Shougo/ddt-ui-shell"
commit = "9b20e735ff52aebfae783c08e6ec92fe1fd48820"

[[plugins]]
name = "ddt-ui-terminal"
url = "Shougo/ddt-ui-terminal"
commit = "e5994ad2fb381694ef4977876741d47a0e745467"

[[plugins]]
name = "ddt.vim"
url = "Shougo/ddt.vim"
commit = "b9f9e43d9451025c2c54d3555085effa9d2563d3"

[[plugins]]
name = "ddu-column-filename"
url = "Shougo/ddu-column-filename"
commit = "be74daf08ebe715574b758e4a4ee86db33833c16"

[[plugins]]
name = "ddu-commands.vim"
url = "Shougo/ddu-commands.vim"
commit = "a2f7be0be57f3440e5130238816c62a486a79c74"

[[plugins]]
name = "ddu-filter-converter_devicon"
url = "uga-rosa/ddu-filter-converter_devicon"
commit = "8bbf0a0457beb8defdd41abe0d6ea2fe877fa96c"

[[plugins]]
name = "ddu-filter-converter_display_word"
url = "Shougo/ddu-filter-converter_display_word"
commit = "1bf1459210b40017e9241af9d1582150dd1e1bd3"

[[plugins]]
name = "ddu-filter-converter_hl_dir"
url = "kyoh86/ddu-filter-converter_hl_dir"
commit = "1726b2a6121b801d3178d9929c96f74277d2883b"

[[plugins]]
name = "ddu-filter-kensaku"
url = "Milly/ddu-filter-kensaku"
commit = "e17fe7d6c7195d53ed864b1efa673546730094c1"

[[plugins]]
name = "ddu-filter-matcher_files"
url = "Shougo/ddu-filter-matcher_files"
commit = "21a40f6ceb528f486af8e20c7783cd8bf29fe411"

[[plugins]]
name = "ddu-filter-matcher_hidden"
url = "Shougo/ddu-filter-matcher_hidden"
commit = "e08e4f05ca877b35d85d22571eb49b2ce980900d"

[[plugins]]
name = "ddu-filter-matcher_ignore_files"
url = "Shougo/ddu-filter-matcher_ignore_files"
commit = "b0f71f02b7513df442c49e82bd5ef5eb8ed010ff"

[[plugins]]
name = "ddu-filter-matcher_relative"
url = "Shougo/ddu-filter-matcher_relative"
commit = "5102718f559d5644a6d08070ca6f7024b687ddf4"

[[plugins]]
name = "ddu-filter-matcher_substring"
url = "Shougo/ddu-filter-matcher_substring"
commit = "01eae40a1aedec5093d6b20f48441acc8bc4436c"

[[plugins]]
name = "ddu-filter-sorter_alpha"
url = "Shougo/ddu-filter-sorter_alpha"
commit = "7bf4e74ac8ee11bfbef30b1b50b1b6c0b248a5c6"

[[plugins]]
name = "ddu-filter-sorter_mtime"
url = "kuuote/ddu-filter-sorter_mtime"
commit = "f3b22a670b4e487abb52fca423d575ec249a8bfe"

[[plugins]]
name = "ddu-kind-file"
url = "Shougo/ddu-kind-file"
commit = "1e2c19a5dff55e71c1e3a7c65897350cd56b1333"

[[plugins]]
name = "ddu-kind-url"
url = "4513ECHO/ddu-kind-url"
commit = "898297dfbf20ec99fe9e2ad8da1593efbf1a29db"

[[plugins]]
name = "ddu-kind-word"
url = "Shougo/ddu-kind-word"
commit = "93d06130b02b88e73977eda818902e02d3f19ba7"

[[plugins]]
name = "ddu-source-action"
url = "Shougo/ddu-source-action"
commit = "7f27168fe2ae51f35374e0f2a70efc15fc09e578"

[[plugins]]
name = "ddu-source-buffer"
url = "shun/ddu-source-buffer"
commit = "1238c09bccb1d4814f36d83ef864cbb2b2ca9895"

[[plugins]]
name = "ddu-source-command_args"
url = "Shougo/ddu-source-command_args"
commit = "3c9c4c2b47beb61180dc438f3ac78d35a0573024"

[[plugins]]
name = "ddu-source-dummy"
url = "Shougo/ddu-source-dummy"
commit = "41fb563d5a0b9c53f1be251686b9d363488e4c44"

[[plugins]]
name = "ddu-source-file"
url = "Shougo/ddu-source-file"
commit = "dc1f5b73bbb707bb0ab60972814822c8ab97f025"

[[plugins]]
name = "ddu-source-file_external"
url = "matsui54/ddu-source-file_external"
commit = "fd32ecaba6203b7b514c2ae9e12b82e3db621945"

[[plugins]]
name = "ddu-source-file_old"
url = "Shougo/ddu-source-file_old"
commit = "a79f5a6969d8a9b4608e1bfeacfdb9c0230a8746"

[[plugins]]
name = "ddu-source-file_point"
url = "Shougo/ddu-source-file_point"
commit = "22073903885a6240df567ce55939f2647a560687"

[[plugins]]
name = "ddu-source-file_rec"
url = "Shougo/ddu-source-file_rec"
commit = "e4cd38a167bebca453f7244d999267ce66814b1b"

[[plugins]]
name = "ddu-source-gin_action"
url = "kkiyama117/ddu-source-gin_action"
commit = "f5bfc41fbf2c5eb9279a3378c3474c0575596399"

[[plugins]]
name = "ddu-source-git_branch"
url = "kyoh86/ddu-source-git_branch"
commit = "200179cdbb0a0c23dffa679178cdfe89c6374c54"

[[plugins]]
name = "ddu-source-git_diff"
url = "kuuote/ddu-source-git_diff"
commit = "a0a615adc7f9a90a015a43c6ab25da17d1a57e22"

[[plugins]]
name = "ddu-source-git_log"
url = "kyoh86/ddu-source-git_log"
commit = "0caa4eba4b97459c74df31d394e090add4509b1b"

[[plugins]]
name = "ddu-source-git_stash"
url = "peacock0803sz/ddu-source-git_stash"
commit = "c4e65adc63b44e31811faa557938026512924259"

[[plugins]]
name = "ddu-source-git_status"
url = "kuuote/ddu-source-git_status"
commit = "d501a212702db543a8084827aa955a85d54d2a78"

[[plugins]]
name = "ddu-source-help"
url = "Matsui54/ddu-source-help"
commit = "0ee957cf105e4277d7b649fdbd6f83427ffe6710"

[[plugins]]
name = "ddu-source-input_history"
url = "Shougo/ddu-source-input_history"
commit = "a1aadeb705b83a037f88f4509010f646bbdc4f30"

[[plugins]]
name = "ddu-source-item"
url = "Shougo/ddu-source-item"
commit = "ecd1754c517837149d5648094e9fb83b7a83c50c"

[[plugins]]
name = "ddu-source-line"
url = "Shougo/ddu-source-line"
commit = "e13f2bf42f3343bea5e869199e6976fe7f82a9b0"

[[plugins]]
name = "ddu-source-lsp"
url = "uga-rosa/ddu-source-lsp"
commit = "41fb60c11b35ee7c2548a1d78a70e5a070c159c4"

[[plugins]]
name = "ddu-source-markdown"
url = "mikanIchinose/ddu-source-markdown"
commit = "45d7b4c08e5662e1fb308b47f0df8bed372f8eca"

[[plugins]]
name = "ddu-source-output"
url = "Shougo/ddu-source-output"
commit = "d3fd89d2a0beee29fec21ff9ea649e64dd749ffe"

[[plugins]]
name = "ddu-source-path_history"
url = "Shougo/ddu-source-path_history"
commit = "9636bff3233392654f090004b808b5f9d363b535"

[[plugins]]
name = "ddu-source-qf"
url = "flow6852/ddu-source-qf"
commit = "de2592500eed613174b183d79530fc6497b8f796"

[[plugins]]
name = "ddu-source-register"
url = "Shougo/ddu-source-register"
commit = "cdbb80beb5d5f8c90ce9fe63d99592247b5923b0"

[[plugins]]
name = "ddu-source-rg"
url = "shun/ddu-source-rg"
commit = "42b928ed4e921c71cf185db0bb6b3cb6c85d0399"

[[plugins]]
name = "ddu-source-source"
url = "4513ECHO/ddu-source-source"
commit = "c868d8aaca9ae72e4826bb3a3b80053a5c8381f4"

[[plugins]]
name = "ddu-ui-ff"
url = "Shougo/ddu-ui-ff"
commit = "1463a686582f95879afe5be1e181a07aead6536b"

[[plugins]]
name = "ddu-ui-filer"
url = "Shougo/ddu-ui-filer"
commit = "68eb6a20d0b670f90d928a7e8bce85240ce54a4e"

[[plugins]]
name = "ddu.vim"
url = "Shougo/ddu.vim"
commit = "8b1e994ec5dfc17c71c426e2d491dab49c4be3bd"

[[plugins]]
name = "denops-shared-server-pueue.vim"
url = "kkiyama117/denops-shared-server-pueue.vim"
commit = "02d914a331ee314883286c25c80e72c9d496d28d"

[[plugins]]
name = "denops.vim"
url = "vim-denops/denops.vim"
commit = "e82c5a94ca1154b05c9d74d6f6f58c9991b1424f"

[[plugins]]
name = "dial.nvim"
url = "monaqa/dial.nvim"
commit = "f2634758455cfa52a8acea6f142dcd6271a1bf57"

[[plugins]]
name = "fidget.nvim"
url = "j-hui/fidget.nvim"
commit = "6f793b2bcd2d35e201c09520f698bb763220908a"

[[plugins]]
name = "gitsigns.nvim"
url = "lewis6991/gitsigns.nvim"
commit = "5be654f2232c10ddcad19c1607a67b6b4b78fc29"

[[plugins]]
name = "heirline.nvim"
url = "rebelot/heirline.nvim"
commit = "fae936abb5e0345b85c3a03ecf38525b0828b992"

[[plugins]]
name = "kakehashi-lspconfig"
url = "atusy/kakehashi-lspconfig"
commit = "36aea04bd4758ed055029b0063fbf6f413d3f69c"

[[plugins]]
name = "kakehashi.nvim"
url = "atusy/kakehashi.nvim"
commit = "be82d84f49bcc1db9cb88e1e32679a776536d0e8"

[[plugins]]
name = "kanagawa.nvim"
url = "rebelot/kanagawa.nvim"
commit = "bb85e4bfc8d89b0e62c8fa53ccdd13d12e2f77b3"

[[plugins]]
name = "kensaku.vim"
url = "lambdalisue/kensaku.vim"
commit = "67727c8cc81f45b3c3abc600ecfef6fba620eb88"

[[plugins]]
name = "lexima.vim"
url = "cohama/lexima.vim"
commit = "9f6942c5e1f0f6fe63bdcdac515f34c484b970f5"

[[plugins]]
name = "mason.nvim"
url = "williamboman/mason.nvim"
commit = "2a6940af80375532e5e9e7c1f2fc6319a1b7a69d"

[[plugins]]
name = "neotest"
url = "nvim-neotest/neotest"
commit = "1c529a1ef9c82e8131e872368415cecc2bb86ea2"

[[plugins]]
name = "neotest-bash"
url = "rcasia/neotest-bash"
commit = "d67519428d6a3efa59707802d3290582938afb71"

[[plugins]]
name = "neotest-deno"
url = "MarkEmmons/neotest-deno"
commit = "7136b9342aeecb675c7c16a0bde327d7fcb00a1c"

[[plugins]]
name = "neotest-go"
url = "nvim-neotest/neotest-go"
commit = "59b50505053f9c45a9febb79e11a56206c3e3901"

[[plugins]]
name = "neotest-plenary"
url = "nvim-neotest/neotest-plenary"
commit = "3523adcf9ffaad1911960c5813b0136c1b63a2ec"

[[plugins]]
name = "neotest-python"
url = "nvim-neotest/neotest-python"
commit = "1b56ca4ba51c6014f986d6548ee629bdc95589d1"

[[plugins]]
name = "nightfox.nvim"
url = "EdenEast/nightfox.nvim"
commit = "4dacd3f0185a2227bdf3b6c0975a8f0bf87cac9a"

[[plugins]]
name = "nui.nvim"
url = "MunifTanjim/nui.nvim"
commit = "de740991c12411b663994b2860f1a4fd0937c130"

[[plugins]]
name = "nvim-dap"
url = "mfussenegger/nvim-dap"
commit = "9e848e09a697ee95302a3ef2dd43fd6eb709e570"

[[plugins]]
name = "nvim-dap-ui"
url = "rcarriga/nvim-dap-ui"
commit = "cc9dd33aade7f20bae414d0cba163bc60d4d4b43"

[[plugins]]
name = "nvim-dap-virtual-text"
url = "theHamsta/nvim-dap-virtual-text"
commit = "fbdb48c2ed45f4a8293d0d483f7730d24467ccb6"

[[plugins]]
name = "nvim-lspconfig"
url = "neovim/nvim-lspconfig"
commit = "d2011e1dd0c27569c551f16b688d86029ae015c9"

[[plugins]]
name = "nvim-nio"
url = "nvim-neotest/nvim-nio"
commit = "edcc181a875301dd21840189aa2f2f9ad69fc172"

[[plugins]]
name = "nvim-notify"
url = "rcarriga/nvim-notify"
commit = "8701bece920b38ea289b457f902e2ad184131a5d"

[[plugins]]
name = "nvim-web-devicons"
url = "nvim-tree/nvim-web-devicons"
commit = "2ae6958df7ced50baac5035cec0c15799eedfbf7"

[[plugins]]
name = "overseer.nvim"
url = "stevearc/overseer.nvim"
commit = "a93d9f6d6defdac4bcd6d2c8ba988650e42e0a0e"

[[plugins]]
name = "plenary.nvim"
url = "nvim-lua/plenary.nvim"
commit = "74b06c6c75e4eeb3108ec01852001636d85a932b"

[[plugins]]
name = "previm"
url = "previm/previm"
commit = "29524dba1dfad1e77a8670b8c133af96f31582a7"

[[plugins]]
name = "pum.vim"
url = "Shougo/pum.vim"
commit = "e26a0c74a9ac33036a8387aedc96aac106870966"

[[plugins]]
name = "rustaceanvim"
url = "mrcjkb/rustaceanvim"
commit = "08790b246da1b5de6119022fc55e99a07b345db3"

[[plugins]]
name = "skkeleton"
url = "vim-skk/skkeleton"
commit = "cb6e529dada798929deefd879e32e418dab1c6ac"

[[plugins]]
name = "skkeleton-henkan-highlight"
url = "NI57721/skkeleton-henkan-highlight"
commit = "361ca90537e9cf7cd404899a4ed0bbef03124fd8"

[[plugins]]
name = "skkeleton-state-popup"
url = "NI57721/skkeleton-state-popup"
commit = "e09dcbf85073df53c9c8d960f6160818572c1397"

[[plugins]]
name = "tokyonight.nvim"
url = "folke/tokyonight.nvim"
commit = "cdc07ac78467a233fd62c493de29a17e0cf2b2b6"

[[plugins]]
name = "tree-sitter-manager.nvim"
url = "romus204/tree-sitter-manager.nvim"
commit = "9dc4ffc4fb010e7abb976a92360c2c5a7d324c15"

[[plugins]]
name = "vim-findent"
url = "lambdalisue/vim-findent"
commit = "67c8542f1ef4d74dafadda705f56973fc43f9a1f"

[[plugins]]
name = "vim-gin"
url = "lambdalisue/vim-gin"
commit = "24cce091cfa32c013bc53cf4ff8f721d6690cf24"

[[plugins]]
name = "vim-guise"
url = "lambdalisue/vim-guise"
commit = "089945b7bd586b7154463f82b286c20c55e7822a"

[[plugins]]
name = "vim-niceblock"
url = "kana/vim-niceblock"
commit = "9302f527eefc0fde8df983cbb9710ad52c4213b5"

[[plugins]]
name = "vim-qfedit"
url = "itchyny/vim-qfedit"
commit = "5b85a472632d928a252b0a0446bf223d4b44f627"

[[plugins]]
name = "vim-qfreplace"
url = "thinca/vim-qfreplace"
commit = "707a895f9f86eeed106f64da0bd9fa07b3cd9cee"

[[plugins]]
name = "vim-sandwich"
url = "machakann/vim-sandwich"
commit = "74cf93d58ccc567d8e2310a69860f1b93af19403"

[[plugins]]
name = "vim-vimhelplint"
url = "machakann/vim-vimhelplint"
commit = "db8ac6f35c5b2495608f6dc75274fcefdcb0b142"

[[plugins]]
name = "vimdoc-ja"
url = "vim-jp/vimdoc-ja"
commit = "87d867e6bacddd1c72334042646c84735124d9ae"

[[plugins]]
name = "which-key.nvim"
url = "folke/which-key.nvim"
commit = "3aab2147e74890957785941f0c1ad87d0a44c15a"
